{
  "originHash" : "1707080cc681be7b9ce6d63ea936be5a22fe5a8dff4532f52aea002c594e3127",
  "pins" : [
    {
      "identity" : "keyboardkit",
      "kind" : "remoteSourceControl",
      "location" : "https://github.com/KeyboardKit/KeyboardKit.git",
      "state" : {
        "revision" : "b3efdbccb731855f32de9008facca5f91b15e8c1",
        "version" : "9.7.2"
      }
    }
  ],
  "version" : 3
}
